<?xml version="1.0" encoding="utf-8"?>
<Project ToolsVersion="4.0" xmlns="http://schemas.microsoft.com/developer/msbuild/2003">
  <ItemGroup>
    <Filter Include="Source Files">
      <UniqueIdentifier>{4FC737F1-C7A5-4376-A066-2A32D752A2FF}</UniqueIdentifier>
      <Extensions>cpp;c;cc;cxx;def;odl;idl;hpj;bat;asm;asmx</Extensions>
    </Filter>
    <Filter Include="Header Files">
      <UniqueIdentifier>{93995380-89BD-4b04-88EB-625FBE52EBFB}</UniqueIdentifier>
      <Extensions>h;hh;hpp;hxx;hm;inl;inc;ipp;xsd</Extensions>
    </Filter>
    <Filter Include="Resource Files">
      <UniqueIdentifier>{67DA6AB6-F800-4c08-8B7A-83BB121AAD01}</UniqueIdentifier>
      <Extensions>rc;ico;cur;bmp;dlg;rc2;rct;bin;rgs;gif;jpg;jpeg;jpe;resx;tiff;tif;png;wav;mfcribbon-ms</Extensions>
    </Filter>
    <Filter Include="Source Files\towers">
      <UniqueIdentifier>{3a97bc2c-f2d4-4cff-8dc1-b9b90dacedef}</UniqueIdentifier>
    </Filter>
    <Filter Include="Header Files\towers">
      <UniqueIdentifier>{36cdfe99-7b07-48b5-829c-917a596a83be}</UniqueIdentifier>
    </Filter>
  </ItemGroup>
  <ItemGroup>
    <ClCompile Include="scartraft-2.cpp">
      <Filter>Source Files</Filter>
    </ClCompile>
    <ClCompile Include="render_engine.cpp">
      <Filter>Source Files</Filter>
    </ClCompile>
    <ClCompile Include="logic_engine.cpp">
      <Filter>Source Files</Filter>
    </ClCompile>
    <ClCompile Include="bunker_render.cpp">
      <Filter>Source Files\towers</Filter>
    </ClCompile>
    <ClCompile Include="bunker_logic.cpp">
      <Filter>Source Files\towers</Filter>
    </ClCompile>
    <ClCompile Include="tower_logic.cpp">
      <Filter>Source Files\towers</Filter>
    </ClCompile>
  </ItemGroup>
  <ItemGroup>
    <None Include="packages.config" />
    <None Include=".gitignore">
      <Filter>Source Files</Filter>
    </None>
  </ItemGroup>
  <ItemGroup>
    <ClInclude Include="render_engine.h">
      <Filter>Header Files</Filter>
    </ClInclude>
    <ClInclude Include="logic_engine.h">
      <Filter>Header Files</Filter>
    </ClInclude>
    <ClInclude Include="bunker_render.h">
      <Filter>Header Files\towers</Filter>
    </ClInclude>
    <ClInclude Include="bunker_logic.h">
      <Filter>Header Files\towers</Filter>
    </ClInclude>
    <ClInclude Include="tower_logic.h">
      <Filter>Header Files\towers</Filter>
    </ClInclude>
  </ItemGroup>
</Project>